// !$*UTF8*$!
{
	archiveVersion = 1;
	classes = {
	};
	objectVersion = 56;
	objects = {

/* Begin PBXBuildFile section */
		D661753D291C6EF6008D9937 /* AppDelegate.swift in Sources */ = {isa = PBXBuildFile; fileRef = D661753C291C6EF6008D9937 /* AppDelegate.swift */; };
		D6617541291C6EF6008D9937 /* HomeViewController.swift in Sources */ = {isa = PBXBuildFile; fileRef = D6617540291C6EF6008D9937 /* HomeViewController.swift */; };
		D6617546291C6EF8008D9937 /* Assets.xcassets in Resources */ = {isa = PBXBuildFile; fileRef = D6617545291C6EF8008D9937 /* Assets.xcassets */; };
		D6617549291C6EF8008D9937 /* LaunchScreen.storyboard in Resources */ = {isa = PBXBuildFile; fileRef = D6617547291C6EF8008D9937 /* LaunchScreen.storyboard */; };
		D6617553291C7164008D9937 /* RestaurantCell.swift in Sources */ = {isa = PBXBuildFile; fileRef = D6617552291C7164008D9937 /* RestaurantCell.swift */; };
		D6F4E2C7291D74F5003460EA /* ApiRequest.swift in Sources */ = {isa = PBXBuildFile; fileRef = D6F4E2C6291D74F5003460EA /* ApiRequest.swift */; };
		D6F4E2CA291D7795003460EA /* HomeViewModel.swift in Sources */ = {isa = PBXBuildFile; fileRef = D6F4E2C9291D7795003460EA /* HomeViewModel.swift */; };
		D6F4E2D1291D7A8C003460EA /* RestaurantModel.swift in Sources */ = {isa = PBXBuildFile; fileRef = D6F4E2D0291D7A8C003460EA /* RestaurantModel.swift */; };
		D6F4E2D4291DA242003460EA /* RestaurantUseCase.swift in Sources */ = {isa = PBXBuildFile; fileRef = D6F4E2D3291DA242003460EA /* RestaurantUseCase.swift */; };
		D6F4E2D7291DA294003460EA /* RestaurantRepository.swift in Sources */ = {isa = PBXBuildFile; fileRef = D6F4E2D6291DA294003460EA /* RestaurantRepository.swift */; };
		D6F4E2D9291DA488003460EA /* ApiRequestMock.swift in Sources */ = {isa = PBXBuildFile; fileRef = D6F4E2D8291DA488003460EA /* ApiRequestMock.swift */; };
		D6F4E2DB291DA4A5003460EA /* ApiModel.swift in Sources */ = {isa = PBXBuildFile; fileRef = D6F4E2DA291DA4A5003460EA /* ApiModel.swift */; };
		D6F4E2DD291DAA91003460EA /* HomeModel.swift in Sources */ = {isa = PBXBuildFile; fileRef = D6F4E2DC291DAA91003460EA /* HomeModel.swift */; };
		D6F4E2E8291DCDC7003460EA /* RestoUITests.swift in Sources */ = {isa = PBXBuildFile; fileRef = D6F4E2E7291DCDC7003460EA /* RestoUITests.swift */; };
		D6F4E2F3291DCEDC003460EA /* RestaurantsMock.json in Resources */ = {isa = PBXBuildFile; fileRef = D6F4E2F2291DCEDC003460EA /* RestaurantsMock.json */; };
		D6F4E2F529205CC9003460EA /* SortingUseCase.swift in Sources */ = {isa = PBXBuildFile; fileRef = D6F4E2F429205CC9003460EA /* SortingUseCase.swift */; };
		D6F4E2FD29206128003460EA /* SortUseCaseTests.swift in Sources */ = {isa = PBXBuildFile; fileRef = D6F4E2FC29206128003460EA /* SortUseCaseTests.swift */; };
		D6F4E30529206555003460EA /* RestoTests.swift in Sources */ = {isa = PBXBuildFile; fileRef = D6F4E30429206555003460EA /* RestoTests.swift */; };
/* End PBXBuildFile section */

/* Begin PBXContainerItemProxy section */
		D6F4E2EB291DCDC7003460EA /* PBXContainerItemProxy */ = {
			isa = PBXContainerItemProxy;
			containerPortal = D6617531291C6EF6008D9937 /* Project object */;
			proxyType = 1;
			remoteGlobalIDString = D6617538291C6EF6008D9937;
			remoteInfo = Resto;
		};
		D6F4E2FE29206128003460EA /* PBXContainerItemProxy */ = {
			isa = PBXContainerItemProxy;
			containerPortal = D6617531291C6EF6008D9937 /* Project object */;
			proxyType = 1;
			remoteGlobalIDString = D6617538291C6EF6008D9937;
			remoteInfo = Resto;
		};
/* End PBXContainerItemProxy section */

/* Begin PBXFileReference section */
		D6617539291C6EF6008D9937 /* Resto.app */ = {isa = PBXFileReference; explicitFileType = wrapper.application; includeInIndex = 0; path = Resto.app; sourceTree = BUILT_PRODUCTS_DIR; };
		D661753C291C6EF6008D9937 /* AppDelegate.swift */ = {isa = PBXFileReference; lastKnownFileType = sourcecode.swift; path = AppDelegate.swift; sourceTree = "<group>"; };
		D6617540291C6EF6008D9937 /* HomeViewController.swift */ = {isa = PBXFileReference; lastKnownFileType = sourcecode.swift; path = HomeViewController.swift; sourceTree = "<group>"; };
		D6617545291C6EF8008D9937 /* Assets.xcassets */ = {isa = PBXFileReference; lastKnownFileType = folder.assetcatalog; path = Assets.xcassets; sourceTree = "<group>"; };
		D6617548291C6EF8008D9937 /* Base */ = {isa = PBXFileReference; lastKnownFileType = file.storyboard; name = Base; path = Base.lproj/LaunchScreen.storyboard; sourceTree = "<group>"; };
		D661754A291C6EF8008D9937 /* Info.plist */ = {isa = PBXFileReference; lastKnownFileType = text.plist.xml; path = Info.plist; sourceTree = "<group>"; };
		D6617552291C7164008D9937 /* RestaurantCell.swift */ = {isa = PBXFileReference; lastKnownFileType = sourcecode.swift; path = RestaurantCell.swift; sourceTree = "<group>"; };
		D6F4E2C6291D74F5003460EA /* ApiRequest.swift */ = {isa = PBXFileReference; lastKnownFileType = sourcecode.swift; path = ApiRequest.swift; sourceTree = "<group>"; };
		D6F4E2C9291D7795003460EA /* HomeViewModel.swift */ = {isa = PBXFileReference; lastKnownFileType = sourcecode.swift; path = HomeViewModel.swift; sourceTree = "<group>"; };
		D6F4E2D0291D7A8C003460EA /* RestaurantModel.swift */ = {isa = PBXFileReference; lastKnownFileType = sourcecode.swift; path = RestaurantModel.swift; sourceTree = "<group>"; };
		D6F4E2D3291DA242003460EA /* RestaurantUseCase.swift */ = {isa = PBXFileReference; lastKnownFileType = sourcecode.swift; path = RestaurantUseCase.swift; sourceTree = "<group>"; };
		D6F4E2D6291DA294003460EA /* RestaurantRepository.swift */ = {isa = PBXFileReference; lastKnownFileType = sourcecode.swift; path = RestaurantRepository.swift; sourceTree = "<group>"; };
		D6F4E2D8291DA488003460EA /* ApiRequestMock.swift */ = {isa = PBXFileReference; lastKnownFileType = sourcecode.swift; path = ApiRequestMock.swift; sourceTree = "<group>"; };
		D6F4E2DA291DA4A5003460EA /* ApiModel.swift */ = {isa = PBXFileReference; lastKnownFileType = sourcecode.swift; path = ApiModel.swift; sourceTree = "<group>"; };
		D6F4E2DC291DAA91003460EA /* HomeModel.swift */ = {isa = PBXFileReference; lastKnownFileType = sourcecode.swift; path = HomeModel.swift; sourceTree = "<group>"; };
		D6F4E2E5291DCDC7003460EA /* RestoUITests.xctest */ = {isa = PBXFileReference; explicitFileType = wrapper.cfbundle; includeInIndex = 0; path = RestoUITests.xctest; sourceTree = BUILT_PRODUCTS_DIR; };
		D6F4E2E7291DCDC7003460EA /* RestoUITests.swift */ = {isa = PBXFileReference; lastKnownFileType = sourcecode.swift; path = RestoUITests.swift; sourceTree = "<group>"; };
		D6F4E2F2291DCEDC003460EA /* RestaurantsMock.json */ = {isa = PBXFileReference; lastKnownFileType = text.json; path = RestaurantsMock.json; sourceTree = "<group>"; };
		D6F4E2F429205CC9003460EA /* SortingUseCase.swift */ = {isa = PBXFileReference; lastKnownFileType = sourcecode.swift; path = SortingUseCase.swift; sourceTree = "<group>"; };
		D6F4E2FA29206128003460EA /* RestoTests.xctest */ = {isa = PBXFileReference; explicitFileType = wrapper.cfbundle; includeInIndex = 0; path = RestoTests.xctest; sourceTree = BUILT_PRODUCTS_DIR; };
		D6F4E2FC29206128003460EA /* SortUseCaseTests.swift */ = {isa = PBXFileReference; lastKnownFileType = sourcecode.swift; path = SortUseCaseTests.swift; sourceTree = "<group>"; };
		D6F4E30429206555003460EA /* RestoTests.swift */ = {isa = PBXFileReference; lastKnownFileType = sourcecode.swift; path = RestoTests.swift; sourceTree = "<group>"; };
/* End PBXFileReference section */

/* Begin PBXFrameworksBuildPhase section */
		D6617536291C6EF6008D9937 /* Frameworks */ = {
			isa = PBXFrameworksBuildPhase;
			buildActionMask = 2147483647;
			files = (
			);
			runOnlyForDeploymentPostprocessing = 0;
		};
		D6F4E2E2291DCDC7003460EA /* Frameworks */ = {
			isa = PBXFrameworksBuildPhase;
			buildActionMask = 2147483647;
			files = (
			);
			runOnlyForDeploymentPostprocessing = 0;
		};
		D6F4E2F729206128003460EA /* Frameworks */ = {
			isa = PBXFrameworksBuildPhase;
			buildActionMask = 2147483647;
			files = (
			);
			runOnlyForDeploymentPostprocessing = 0;
		};
/* End PBXFrameworksBuildPhase section */

/* Begin PBXGroup section */
		D6617530291C6EF6008D9937 = {
			isa = PBXGroup;
			children = (
				D661753B291C6EF6008D9937 /* Resto */,
				D6F4E2E6291DCDC7003460EA /* RestoUITests */,
				D6F4E2FB29206128003460EA /* RestoTests */,
				D661753A291C6EF6008D9937 /* Products */,
			);
			sourceTree = "<group>";
		};
		D661753A291C6EF6008D9937 /* Products */ = {
			isa = PBXGroup;
			children = (
				D6617539291C6EF6008D9937 /* Resto.app */,
				D6F4E2E5291DCDC7003460EA /* RestoUITests.xctest */,
				D6F4E2FA29206128003460EA /* RestoTests.xctest */,
			);
			name = Products;
			sourceTree = "<group>";
		};
		D661753B291C6EF6008D9937 /* Resto */ = {
			isa = PBXGroup;
			children = (
				D661753C291C6EF6008D9937 /* AppDelegate.swift */,
				D6F4E2F0291DCEC1003460EA /* Resources */,
				D6F4E2CE291D7A7D003460EA /* Common */,
				D6F4E2C5291D74E1003460EA /* Service */,
				D6617550291C7133008D9937 /* Home */,
				D6617545291C6EF8008D9937 /* Assets.xcassets */,
				D6617547291C6EF8008D9937 /* LaunchScreen.storyboard */,
				D661754A291C6EF8008D9937 /* Info.plist */,
			);
			path = Resto;
			sourceTree = "<group>";
		};
		D6617550291C7133008D9937 /* Home */ = {
			isa = PBXGroup;
			children = (
				D6F4E2DE291DAEDF003460EA /* View */,
				D6F4E2C8291D778C003460EA /* ViewModel */,
				D6F4E2D2291DA234003460EA /* UseCase */,
				D6F4E2D5291DA283003460EA /* DataSource */,
			);
			path = Home;
			sourceTree = "<group>";
		};
		D6617551291C713A008D9937 /* Cell */ = {
			isa = PBXGroup;
			children = (
				D6617552291C7164008D9937 /* RestaurantCell.swift */,
			);
			path = Cell;
			sourceTree = "<group>";
		};
		D6F4E2C5291D74E1003460EA /* Service */ = {
			isa = PBXGroup;
			children = (
				D6F4E2C6291D74F5003460EA /* ApiRequest.swift */,
				D6F4E2D8291DA488003460EA /* ApiRequestMock.swift */,
				D6F4E2DA291DA4A5003460EA /* ApiModel.swift */,
			);
			path = Service;
			sourceTree = "<group>";
		};
		D6F4E2C8291D778C003460EA /* ViewModel */ = {
			isa = PBXGroup;
			children = (
				D6F4E2C9291D7795003460EA /* HomeViewModel.swift */,
				D6F4E2DC291DAA91003460EA /* HomeModel.swift */,
			);
			path = ViewModel;
			sourceTree = "<group>";
		};
		D6F4E2CE291D7A7D003460EA /* Common */ = {
			isa = PBXGroup;
			children = (
				D6F4E2CF291D7A81003460EA /* Model */,
			);
			path = Common;
			sourceTree = "<group>";
		};
		D6F4E2CF291D7A81003460EA /* Model */ = {
			isa = PBXGroup;
			children = (
				D6F4E2D0291D7A8C003460EA /* RestaurantModel.swift */,
			);
			path = Model;
			sourceTree = "<group>";
		};
		D6F4E2D2291DA234003460EA /* UseCase */ = {
			isa = PBXGroup;
			children = (
				D6F4E2D3291DA242003460EA /* RestaurantUseCase.swift */,
				D6F4E2F429205CC9003460EA /* SortingUseCase.swift */,
			);
			path = UseCase;
			sourceTree = "<group>";
		};
		D6F4E2D5291DA283003460EA /* DataSource */ = {
			isa = PBXGroup;
			children = (
				D6F4E2D6291DA294003460EA /* RestaurantRepository.swift */,
			);
			path = DataSource;
			sourceTree = "<group>";
		};
		D6F4E2DE291DAEDF003460EA /* View */ = {
			isa = PBXGroup;
			children = (
				D6617551291C713A008D9937 /* Cell */,
				D6617540291C6EF6008D9937 /* HomeViewController.swift */,
			);
			path = View;
			sourceTree = "<group>";
		};
		D6F4E2E6291DCDC7003460EA /* RestoUITests */ = {
			isa = PBXGroup;
			children = (
				D6F4E2E7291DCDC7003460EA /* RestoUITests.swift */,
			);
			path = RestoUITests;
			sourceTree = "<group>";
		};
		D6F4E2F0291DCEC1003460EA /* Resources */ = {
			isa = PBXGroup;
			children = (
				D6F4E2F1291DCEC4003460EA /* Mock */,
			);
			path = Resources;
			sourceTree = "<group>";
		};
		D6F4E2F1291DCEC4003460EA /* Mock */ = {
			isa = PBXGroup;
			children = (
				D6F4E2F2291DCEDC003460EA /* RestaurantsMock.json */,
			);
			path = Mock;
			sourceTree = "<group>";
		};
		D6F4E2FB29206128003460EA /* RestoTests */ = {
			isa = PBXGroup;
			children = (
				D6F4E30429206555003460EA /* RestoTests.swift */,
				D6F4E30329206538003460EA /* SortUseCase */,
			);
			path = RestoTests;
			sourceTree = "<group>";
		};
		D6F4E30329206538003460EA /* SortUseCase */ = {
			isa = PBXGroup;
			children = (
				D6F4E2FC29206128003460EA /* SortUseCaseTests.swift */,
			);
			path = SortUseCase;
			sourceTree = "<group>";
		};
/* End PBXGroup section */

/* Begin PBXNativeTarget section */
		D6617538291C6EF6008D9937 /* Resto */ = {
			isa = PBXNativeTarget;
			buildConfigurationList = D661754D291C6EF8008D9937 /* Build configuration list for PBXNativeTarget "Resto" */;
			buildPhases = (
				D6617535291C6EF6008D9937 /* Sources */,
				D6617536291C6EF6008D9937 /* Frameworks */,
				D6617537291C6EF6008D9937 /* Resources */,
			);
			buildRules = (
			);
			dependencies = (
			);
			name = Resto;
			productName = Resto;
			productReference = D6617539291C6EF6008D9937 /* Resto.app */;
			productType = "com.apple.product-type.application";
		};
		D6F4E2E4291DCDC7003460EA /* RestoUITests */ = {
			isa = PBXNativeTarget;
			buildConfigurationList = D6F4E2ED291DCDC7003460EA /* Build configuration list for PBXNativeTarget "RestoUITests" */;
			buildPhases = (
				D6F4E2E1291DCDC7003460EA /* Sources */,
				D6F4E2E2291DCDC7003460EA /* Frameworks */,
				D6F4E2E3291DCDC7003460EA /* Resources */,
			);
			buildRules = (
			);
			dependencies = (
				D6F4E2EC291DCDC7003460EA /* PBXTargetDependency */,
			);
			name = RestoUITests;
			productName = RestoUITests;
			productReference = D6F4E2E5291DCDC7003460EA /* RestoUITests.xctest */;
			productType = "com.apple.product-type.bundle.ui-testing";
		};
		D6F4E2F929206128003460EA /* RestoTests */ = {
			isa = PBXNativeTarget;
			buildConfigurationList = D6F4E30029206128003460EA /* Build configuration list for PBXNativeTarget "RestoTests" */;
			buildPhases = (
				D6F4E2F629206128003460EA /* Sources */,
				D6F4E2F729206128003460EA /* Frameworks */,
				D6F4E2F829206128003460EA /* Resources */,
			);
			buildRules = (
			);
			dependencies = (
				D6F4E2FF29206128003460EA /* PBXTargetDependency */,
			);
			name = RestoTests;
			productName = RestoTests;
			productReference = D6F4E2FA29206128003460EA /* RestoTests.xctest */;
			productType = "com.apple.product-type.bundle.unit-test";
		};
/* End PBXNativeTarget section */

/* Begin PBXProject section */
		D6617531291C6EF6008D9937 /* Project object */ = {
			isa = PBXProject;
			attributes = {
				BuildIndependentTargetsInParallel = 1;
				LastSwiftUpdateCheck = 1400;
				LastUpgradeCheck = 1400;
				TargetAttributes = {
					D6617538291C6EF6008D9937 = {
						CreatedOnToolsVersion = 14.0.1;
					};
					D6F4E2E4291DCDC7003460EA = {
						CreatedOnToolsVersion = 14.0.1;
						TestTargetID = D6617538291C6EF6008D9937;
					};
					D6F4E2F929206128003460EA = {
						CreatedOnToolsVersion = 14.0.1;
						TestTargetID = D6617538291C6EF6008D9937;
					};
				};
			};
			buildConfigurationList = D6617534291C6EF6008D9937 /* Build configuration list for PBXProject "Resto" */;
			compatibilityVersion = "Xcode 14.0";
			developmentRegion = en;
			hasScannedForEncodings = 0;
			knownRegions = (
				en,
				Base,
			);
			mainGroup = D6617530291C6EF6008D9937;
			productRefGroup = D661753A291C6EF6008D9937 /* Products */;
			projectDirPath = "";
			projectRoot = "";
			targets = (
				D6617538291C6EF6008D9937 /* Resto */,
				D6F4E2E4291DCDC7003460EA /* RestoUITests */,
				D6F4E2F929206128003460EA /* RestoTests */,
			);
		};
/* End PBXProject section */

/* Begin PBXResourcesBuildPhase section */
		D6617537291C6EF6008D9937 /* Resources */ = {
			isa = PBXResourcesBuildPhase;
			buildActionMask = 2147483647;
			files = (
				D6617549291C6EF8008D9937 /* LaunchScreen.storyboard in Resources */,
				D6617546291C6EF8008D9937 /* Assets.xcassets in Resources */,
				D6F4E2F3291DCEDC003460EA /* RestaurantsMock.json in Resources */,
			);
			runOnlyForDeploymentPostprocessing = 0;
		};
		D6F4E2E3291DCDC7003460EA /* Resources */ = {
			isa = PBXResourcesBuildPhase;
			buildActionMask = 2147483647;
			files = (
			);
			runOnlyForDeploymentPostprocessing = 0;
		};
		D6F4E2F829206128003460EA /* Resources */ = {
			isa = PBXResourcesBuildPhase;
			buildActionMask = 2147483647;
			files = (
			);
			runOnlyForDeploymentPostprocessing = 0;
		};
/* End PBXResourcesBuildPhase section */

/* Begin PBXSourcesBuildPhase section */
		D6617535291C6EF6008D9937 /* Sources */ = {
			isa = PBXSourcesBuildPhase;
			buildActionMask = 2147483647;
			files = (
				D6617553291C7164008D9937 /* RestaurantCell.swift in Sources */,
				D6617541291C6EF6008D9937 /* HomeViewController.swift in Sources */,
				D6F4E2DD291DAA91003460EA /* HomeModel.swift in Sources */,
				D6F4E2D4291DA242003460EA /* RestaurantUseCase.swift in Sources */,
				D6F4E2D1291D7A8C003460EA /* RestaurantModel.swift in Sources */,
				D6F4E2DB291DA4A5003460EA /* ApiModel.swift in Sources */,
				D6F4E2D9291DA488003460EA /* ApiRequestMock.swift in Sources */,
				D6F4E2C7291D74F5003460EA /* ApiRequest.swift in Sources */,
				D6F4E2CA291D7795003460EA /* HomeViewModel.swift in Sources */,
				D6F4E2D7291DA294003460EA /* RestaurantRepository.swift in Sources */,
				D6F4E2F529205CC9003460EA /* SortingUseCase.swift in Sources */,
				D661753D291C6EF6008D9937 /* AppDelegate.swift in Sources */,
			);
			runOnlyForDeploymentPostprocessing = 0;
		};
		D6F4E2E1291DCDC7003460EA /* Sources */ = {
			isa = PBXSourcesBuildPhase;
			buildActionMask = 2147483647;
			files = (
				D6F4E2E8291DCDC7003460EA /* RestoUITests.swift in Sources */,
			);
			runOnlyForDeploymentPostprocessing = 0;
		};
		D6F4E2F629206128003460EA /* Sources */ = {
			isa = PBXSourcesBuildPhase;
			buildActionMask = 2147483647;
			files = (
				D6F4E2FD29206128003460EA /* SortUseCaseTests.swift in Sources */,
				D6F4E30529206555003460EA /* RestoTests.swift in Sources */,
			);
			runOnlyForDeploymentPostprocessing = 0;
		};
/* End PBXSourcesBuildPhase section */

/* Begin PBXTargetDependency section */
		D6F4E2EC291DCDC7003460EA /* PBXTargetDependency */ = {
			isa = PBXTargetDependency;
			target = D6617538291C6EF6008D9937 /* Resto */;
			targetProxy = D6F4E2EB291DCDC7003460EA /* PBXContainerItemProxy */;
		};
		D6F4E2FF29206128003460EA /* PBXTargetDependency */ = {
			isa = PBXTargetDependency;
			target = D6617538291C6EF6008D9937 /* Resto */;
			targetProxy = D6F4E2FE29206128003460EA /* PBXContainerItemProxy */;
		};
/* End PBXTargetDependency section */

/* Begin PBXVariantGroup section */
		D6617547291C6EF8008D9937 /* LaunchScreen.storyboard */ = {
			isa = PBXVariantGroup;
			children = (
				D6617548291C6EF8008D9937 /* Base */,
			);
			name = LaunchScreen.storyboard;
			sourceTree = "<group>";
		};
/* End PBXVariantGroup section */

/* Begin XCBuildConfiguration section */
		D661754B291C6EF8008D9937 /* Debug */ = {
			isa = XCBuildConfiguration;
			buildSettings = {
				ALWAYS_SEARCH_USER_PATHS = NO;
				CLANG_ANALYZER_NONNULL = YES;
				CLANG_ANALYZER_NUMBER_OBJECT_CONVERSION = YES_AGGRESSIVE;
				CLANG_CXX_LANGUAGE_STANDARD = "gnu++20";
				CLANG_ENABLE_MODULES = YES;
				CLANG_ENABLE_OBJC_ARC = YES;
				CLANG_ENABLE_OBJC_WEAK = YES;
				CLANG_WARN_BLOCK_CAPTURE_AUTORELEASING = YES;
				CLANG_WARN_BOOL_CONVERSION = YES;
				CLANG_WARN_COMMA = YES;
				CLANG_WARN_CONSTANT_CONVERSION = YES;
				CLANG_WARN_DEPRECATED_OBJC_IMPLEMENTATIONS = YES;
				CLANG_WARN_DIRECT_OBJC_ISA_USAGE = YES_ERROR;
				CLANG_WARN_DOCUMENTATION_COMMENTS = YES;
				CLANG_WARN_EMPTY_BODY = YES;
				CLANG_WARN_ENUM_CONVERSION = YES;
				CLANG_WARN_INFINITE_RECURSION = YES;
				CLANG_WARN_INT_CONVERSION = YES;
				CLANG_WARN_NON_LITERAL_NULL_CONVERSION = YES;
				CLANG_WARN_OBJC_IMPLICIT_RETAIN_SELF = YES;
				CLANG_WARN_OBJC_LITERAL_CONVERSION = YES;
				CLANG_WARN_OBJC_ROOT_CLASS = YES_ERROR;
				CLANG_WARN_QUOTED_INCLUDE_IN_FRAMEWORK_HEADER = YES;
				CLANG_WARN_RANGE_LOOP_ANALYSIS = YES;
				CLANG_WARN_STRICT_PROTOTYPES = YES;
				CLANG_WARN_SUSPICIOUS_MOVE = YES;
				CLANG_WARN_UNGUARDED_AVAILABILITY = YES_AGGRESSIVE;
				CLANG_WARN_UNREACHABLE_CODE = YES;
				CLANG_WARN__DUPLICATE_METHOD_MATCH = YES;
				COPY_PHASE_STRIP = NO;
				DEBUG_INFORMATION_FORMAT = dwarf;
				ENABLE_STRICT_OBJC_MSGSEND = YES;
				ENABLE_TESTABILITY = YES;
				GCC_C_LANGUAGE_STANDARD = gnu11;
				GCC_DYNAMIC_NO_PIC = NO;
				GCC_NO_COMMON_BLOCKS = YES;
				GCC_OPTIMIZATION_LEVEL = 0;
				GCC_PREPROCESSOR_DEFINITIONS = (
					"DEBUG=1",
					"$(inherited)",
				);
				GCC_WARN_64_TO_32_BIT_CONVERSION = YES;
				GCC_WARN_ABOUT_RETURN_TYPE = YES_ERROR;
				GCC_WARN_UNDECLARED_SELECTOR = YES;
				GCC_WARN_UNINITIALIZED_AUTOS = YES_AGGRESSIVE;
				GCC_WARN_UNUSED_FUNCTION = YES;
				GCC_WARN_UNUSED_VARIABLE = YES;
				IPHONEOS_DEPLOYMENT_TARGET = 15.5;
				MTL_ENABLE_DEBUG_INFO = INCLUDE_SOURCE;
				MTL_FAST_MATH = YES;
				ONLY_ACTIVE_ARCH = YES;
				SDKROOT = iphoneos;
				SWIFT_ACTIVE_COMPILATION_CONDITIONS = DEBUG;
				SWIFT_OPTIMIZATION_LEVEL = "-Onone";
			};
			name = Debug;
		};
		D661754C291C6EF8008D9937 /* Release */ = {
			isa = XCBuildConfiguration;
			buildSettings = {
				ALWAYS_SEARCH_USER_PATHS = NO;
				CLANG_ANALYZER_NONNULL = YES;
				CLANG_ANALYZER_NUMBER_OBJECT_CONVERSION = YES_AGGRESSIVE;
				CLANG_CXX_LANGUAGE_STANDARD = "gnu++20";
				CLANG_ENABLE_MODULES = YES;
				CLANG_ENABLE_OBJC_ARC = YES;
				CLANG_ENABLE_OBJC_WEAK = YES;
				CLANG_WARN_BLOCK_CAPTURE_AUTORELEASING = YES;
				CLANG_WARN_BOOL_CONVERSION = YES;
				CLANG_WARN_COMMA = YES;
				CLANG_WARN_CONSTANT_CONVERSION = YES;
				CLANG_WARN_DEPRECATED_OBJC_IMPLEMENTATIONS = YES;
				CLANG_WARN_DIRECT_OBJC_ISA_USAGE = YES_ERROR;
				CLANG_WARN_DOCUMENTATION_COMMENTS = YES;
				CLANG_WARN_EMPTY_BODY = YES;
				CLANG_WARN_ENUM_CONVERSION = YES;
				CLANG_WARN_INFINITE_RECURSION = YES;
				CLANG_WARN_INT_CONVERSION = YES;
				CLANG_WARN_NON_LITERAL_NULL_CONVERSION = YES;
				CLANG_WARN_OBJC_IMPLICIT_RETAIN_SELF = YES;
				CLANG_WARN_OBJC_LITERAL_CONVERSION = YES;
				CLANG_WARN_OBJC_ROOT_CLASS = YES_ERROR;
				CLANG_WARN_QUOTED_INCLUDE_IN_FRAMEWORK_HEADER = YES;
				CLANG_WARN_RANGE_LOOP_ANALYSIS = YES;
				CLANG_WARN_STRICT_PROTOTYPES = YES;
				CLANG_WARN_SUSPICIOUS_MOVE = YES;
				CLANG_WARN_UNGUARDED_AVAILABILITY = YES_AGGRESSIVE;
				CLANG_WARN_UNREACHABLE_CODE = YES;
				CLANG_WARN__DUPLICATE_METHOD_MATCH = YES;
				COPY_PHASE_STRIP = NO;
				DEBUG_INFORMATION_FORMAT = "dwarf-with-dsym";
				ENABLE_NS_ASSERTIONS = NO;
				ENABLE_STRICT_OBJC_MSGSEND = YES;
				GCC_C_LANGUAGE_STANDARD = gnu11;
				GCC_NO_COMMON_BLOCKS = YES;
				GCC_WARN_64_TO_32_BIT_CONVERSION = YES;
				GCC_WARN_ABOUT_RETURN_TYPE = YES_ERROR;
				GCC_WARN_UNDECLARED_SELECTOR = YES;
				GCC_WARN_UNINITIALIZED_AUTOS = YES_AGGRESSIVE;
				GCC_WARN_UNUSED_FUNCTION = YES;
				GCC_WARN_UNUSED_VARIABLE = YES;
				IPHONEOS_DEPLOYMENT_TARGET = 15.5;
				MTL_ENABLE_DEBUG_INFO = NO;
				MTL_FAST_MATH = YES;
				SDKROOT = iphoneos;
				SWIFT_COMPILATION_MODE = wholemodule;
				SWIFT_OPTIMIZATION_LEVEL = "-O";
				VALIDATE_PRODUCT = YES;
			};
			name = Release;
		};
		D661754E291C6EF8008D9937 /* Debug */ = {
			isa = XCBuildConfiguration;
			buildSettings = {
				ASSETCATALOG_COMPILER_APPICON_NAME = AppIcon;
				ASSETCATALOG_COMPILER_GLOBAL_ACCENT_COLOR_NAME = AccentColor;
				CODE_SIGN_STYLE = Automatic;
				CURRENT_PROJECT_VERSION = 1;
				GENERATE_INFOPLIST_FILE = YES;
				INFOPLIST_FILE = Resto/Info.plist;
				INFOPLIST_KEY_UIApplicationSupportsIndirectInputEvents = YES;
				INFOPLIST_KEY_UILaunchStoryboardName = LaunchScreen;
				INFOPLIST_KEY_UISupportedInterfaceOrientations_iPad = "UIInterfaceOrientationPortrait UIInterfaceOrientationPortraitUpsideDown UIInterfaceOrientationLandscapeLeft UIInterfaceOrientationLandscapeRight";
				INFOPLIST_KEY_UISupportedInterfaceOrientations_iPhone = "UIInterfaceOrientationPortrait UIInterfaceOrientationLandscapeLeft UIInterfaceOrientationLandscapeRight";
				LD_RUNPATH_SEARCH_PATHS = (
					"$(inherited)",
					"@executable_path/Frameworks",
				);
				MARKETING_VERSION = 1.0;
				PRODUCT_BUNDLE_IDENTIFIER = ddg.Resto;
				PRODUCT_NAME = "$(TARGET_NAME)";
				SWIFT_EMIT_LOC_STRINGS = YES;
				SWIFT_VERSION = 5.0;
				TARGETED_DEVICE_FAMILY = "1,2";
			};
			name = Debug;
		};
		D661754F291C6EF8008D9937 /* Release */ = {
			isa = XCBuildConfiguration;
			buildSettings = {
				ASSETCATALOG_COMPILER_APPICON_NAME = AppIcon;
				ASSETCATALOG_COMPILER_GLOBAL_ACCENT_COLOR_NAME = AccentColor;
				CODE_SIGN_STYLE = Automatic;
				CURRENT_PROJECT_VERSION = 1;
				GENERATE_INFOPLIST_FILE = YES;
				INFOPLIST_FILE = Resto/Info.plist;
				INFOPLIST_KEY_UIApplicationSupportsIndirectInputEvents = YES;
				INFOPLIST_KEY_UILaunchStoryboardName = LaunchScreen;
				INFOPLIST_KEY_UISupportedInterfaceOrientations_iPad = "UIInterfaceOrientationPortrait UIInterfaceOrientationPortraitUpsideDown UIInterfaceOrientationLandscapeLeft UIInterfaceOrientationLandscapeRight";
				INFOPLIST_KEY_UISupportedInterfaceOrientations_iPhone = "UIInterfaceOrientationPortrait UIInterfaceOrientationLandscapeLeft UIInterfaceOrientationLandscapeRight";
				LD_RUNPATH_SEARCH_PATHS = (
					"$(inherited)",
					"@executable_path/Frameworks",
				);
				MARKETING_VERSION = 1.0;
				PRODUCT_BUNDLE_IDENTIFIER = ddg.Resto;
				PRODUCT_NAME = "$(TARGET_NAME)";
				SWIFT_EMIT_LOC_STRINGS = YES;
				SWIFT_VERSION = 5.0;
				TARGETED_DEVICE_FAMILY = "1,2";
			};
			name = Release;
		};
		D6F4E2EE291DCDC7003460EA /* Debug */ = {
			isa = XCBuildConfiguration;
			buildSettings = {
				CODE_SIGN_STYLE = Automatic;
				CURRENT_PROJECT_VERSION = 1;
				GENERATE_INFOPLIST_FILE = YES;
				IPHONEOS_DEPLOYMENT_TARGET = 16.0;
				MARKETING_VERSION = 1.0;
				PRODUCT_BUNDLE_IDENTIFIER = ddg.RestoUITests;
				PRODUCT_NAME = "$(TARGET_NAME)";
				SWIFT_EMIT_LOC_STRINGS = NO;
				SWIFT_VERSION = 5.0;
				TARGETED_DEVICE_FAMILY = "1,2";
				TEST_TARGET_NAME = Resto;
			};
			name = Debug;
		};
		D6F4E2EF291DCDC7003460EA /* Release */ = {
			isa = XCBuildConfiguration;
			buildSettings = {
				CODE_SIGN_STYLE = Automatic;
				CURRENT_PROJECT_VERSION = 1;
				GENERATE_INFOPLIST_FILE = YES;
				IPHONEOS_DEPLOYMENT_TARGET = 16.0;
				MARKETING_VERSION = 1.0;
				PRODUCT_BUNDLE_IDENTIFIER = ddg.RestoUITests;
				PRODUCT_NAME = "$(TARGET_NAME)";
				SWIFT_EMIT_LOC_STRINGS = NO;
				SWIFT_VERSION = 5.0;
				TARGETED_DEVICE_FAMILY = "1,2";
				TEST_TARGET_NAME = Resto;
			};
			name = Release;
		};
		D6F4E30129206128003460EA /* Debug */ = {
			isa = XCBuildConfiguration;
			buildSettings = {
				BUNDLE_LOADER = "$(TEST_HOST)";
				CODE_SIGN_STYLE = Automatic;
				CURRENT_PROJECT_VERSION = 1;
				GENERATE_INFOPLIST_FILE = YES;
				IPHONEOS_DEPLOYMENT_TARGET = 16.0;
				MARKETING_VERSION = 1.0;
				PRODUCT_BUNDLE_IDENTIFIER = ddg.RestoTests;
				PRODUCT_NAME = "$(TARGET_NAME)";
				SWIFT_EMIT_LOC_STRINGS = NO;
				SWIFT_VERSION = 5.0;
				TARGETED_DEVICE_FAMILY = "1,2";
				TEST_HOST = "$(BUILT_PRODUCTS_DIR)/Resto.app/$(BUNDLE_EXECUTABLE_FOLDER_PATH)/Resto";
			};
			name = Debug;
		};
		D6F4E30229206128003460EA /* Release */ = {
			isa = XCBuildConfiguration;
			buildSettings = {
				BUNDLE_LOADER = "$(TEST_HOST)";
				CODE_SIGN_STYLE = Automatic;
				CURRENT_PROJECT_VERSION = 1;
				GENERATE_INFOPLIST_FILE = YES;
				IPHONEOS_DEPLOYMENT_TARGET = 16.0;
				MARKETING_VERSION = 1.0;
				PRODUCT_BUNDLE_IDENTIFIER = ddg.RestoTests;
				PRODUCT_NAME = "$(TARGET_NAME)";
				SWIFT_EMIT_LOC_STRINGS = NO;
				SWIFT_VERSION = 5.0;
				TARGETED_DEVICE_FAMILY = "1,2";
				TEST_HOST = "$(BUILT_PRODUCTS_DIR)/Resto.app/$(BUNDLE_EXECUTABLE_FOLDER_PATH)/Resto";
			};
			name = Release;
		};
/* End XCBuildConfiguration section */

/* Begin XCConfigurationList section */
		D6617534291C6EF6008D9937 /* Build configuration list for PBXProject "Resto" */ = {
			isa = XCConfigurationList;
			buildConfigurations = (
				D661754B291C6EF8008D9937 /* Debug */,
				D661754C291C6EF8008D9937 /* Release */,
			);
			defaultConfigurationIsVisible = 0;
			defaultConfigurationName = Release;
		};
		D661754D291C6EF8008D9937 /* Build configuration list for PBXNativeTarget "Resto" */ = {
			isa = XCConfigurationList;
			buildConfigurations = (
				D661754E291C6EF8008D9937 /* Debug */,
				D661754F291C6EF8008D9937 /* Release */,
			);
			defaultConfigurationIsVisible = 0;
			defaultConfigurationName = Release;
		};
		D6F4E2ED291DCDC7003460EA /* Build configuration list for PBXNativeTarget "RestoUITests" */ = {
			isa = XCConfigurationList;
			buildConfigurations = (
				D6F4E2EE291DCDC7003460EA /* Debug */,
				D6F4E2EF291DCDC7003460EA /* Release */,
			);
			defaultConfigurationIsVisible = 0;
			defaultConfigurationName = Release;
		};
		D6F4E30029206128003460EA /* Build configuration list for PBXNativeTarget "RestoTests" */ = {
			isa = XCConfigurationList;
			buildConfigurations = (
				D6F4E30129206128003460EA /* Debug */,
				D6F4E30229206128003460EA /* Release */,
			);
			defaultConfigurationIsVisible = 0;
			defaultConfigurationName = Release;
		};
/* End XCConfigurationList section */
	};
	rootObject = D6617531291C6EF6008D9937 /* Project object */;
}
